
Microsoft Visual Studio Solution File, Format Version 12.00
# Visual Studio Version 17
VisualStudioVersion = 17.8.34316.72
MinimumVisualStudioVersion = 10.0.40219.1
Project("{FAE04EC0-301F-11D3-BF4B-00C04F79EFBC}") = "AreaFigureLib", "AreaFigureLib.csproj", "{4580BA60-957A-4A89-87B9-E782FD259689}"
EndProject
Project("{FAE04EC0-301F-11D3-BF4B-00C04F79EFBC}") = "AreaForm", "..\TestArea\AreaForm.csproj", "{6C1B1EB2-1F77-4512-9EA2-F77D165FC570}"
EndProject
Project("{FAE04EC0-301F-11D3-BF4B-00C04F79EFBC}") = "FormTest", "..\FormTest\FormTest.csproj", "{053E54A9-5BA7-4C44-AA19-E1F47D8F79C3}"
EndProject
Global
	GlobalSection(SolutionConfigurationPlatforms) = preSolution
		Debug|Any CPU = Debug|Any CPU
		Release|Any CPU = Release|Any CPU
	EndGlobalSection
	GlobalSection(ProjectConfigurationPlatforms) = postSolution
		{4580BA60-957A-4A89-87B9-E782FD259689}.Debug|Any CPU.ActiveCfg = Debug|Any CPU
		{4580BA60-957A-4A89-87B9-E782FD259689}.Debug|Any CPU.Build.0 = Debug|Any CPU
		{4580BA60-957A-4A89-87B9-E782FD259689}.Release|Any CPU.ActiveCfg = Release|Any CPU
		{4580BA60-957A-4A89-87B9-E782FD259689}.Release|Any CPU.Build.0 = Release|Any CPU
		{6C1B1EB2-1F77-4512-9EA2-F77D165FC570}.Debug|Any CPU.ActiveCfg = Debug|Any CPU
		{6C1B1EB2-1F77-4512-9EA2-F77D165FC570}.Debug|Any CPU.Build.0 = Debug|Any CPU
		{6C1B1EB2-1F77-4512-9EA2-F77D165FC570}.Release|Any CPU.ActiveCfg = Release|Any CPU
		{6C1B1EB2-1F77-4512-9EA2-F77D165FC570}.Release|Any CPU.Build.0 = Release|Any CPU
		{053E54A9-5BA7-4C44-AA19-E1F47D8F79C3}.Debug|Any CPU.ActiveCfg = Debug|Any CPU
		{053E54A9-5BA7-4C44-AA19-E1F47D8F79C3}.Debug|Any CPU.Build.0 = Debug|Any CPU
		{053E54A9-5BA7-4C44-AA19-E1F47D8F79C3}.Release|Any CPU.ActiveCfg = Release|Any CPU
		{053E54A9-5BA7-4C44-AA19-E1F47D8F79C3}.Release|Any CPU.Build.0 = Release|Any CPU
	EndGlobalSection
	GlobalSection(SolutionProperties) = preSolution
		HideSolutionNode = FALSE
	EndGlobalSection
	GlobalSection(ExtensibilityGlobals) = postSolution
		SolutionGuid = {4273288F-D930-4EA6-8759-F7761890A12B}
	EndGlobalSection
EndGlobal
